
Microsoft Visual Studio Solution File, Format Version 12.00
# Visual Studio Version 17
VisualStudioVersion = 17.0.31903.59
MinimumVisualStudioVersion = 10.0.40219.1
Project("{FAE04EC0-301F-11D3-BF4B-00C04F79EFBC}") = "MediaTools", "MediaTools\MediaTools.csproj", "{BC66BD06-7670-497F-A3ED-5DE6D415EB9F}"
EndProject
Project("{FAE04EC0-301F-11D3-BF4B-00C04F79EFBC}") = "MediaTools.Tests", "MediaTools.Tests\MediaTools.Tests.csproj", "{FBC4D95C-FB0D-471D-A4F8-28C75FE7BDA2}"
EndProject
Global
	GlobalSection(SolutionConfigurationPlatforms) = preSolution
		Debug|Any CPU = Debug|Any CPU
		Release|Any CPU = Release|Any CPU
	EndGlobalSection
	GlobalSection(SolutionProperties) = preSolution
		HideSolutionNode = FALSE
	EndGlobalSection
	GlobalSection(ProjectConfigurationPlatforms) = postSolution
		{BC66BD06-7670-497F-A3ED-5DE6D415EB9F}.Debug|Any CPU.ActiveCfg = Debug|Any CPU
		{BC66BD06-7670-497F-A3ED-5DE6D415EB9F}.Debug|Any CPU.Build.0 = Debug|Any CPU
		{BC66BD06-7670-497F-A3ED-5DE6D415EB9F}.Release|Any CPU.ActiveCfg = Release|Any CPU
		{BC66BD06-7670-497F-A3ED-5DE6D415EB9F}.Release|Any CPU.Build.0 = Release|Any CPU
		{FBC4D95C-FB0D-471D-A4F8-28C75FE7BDA2}.Debug|Any CPU.ActiveCfg = Debug|Any CPU
		{FBC4D95C-FB0D-471D-A4F8-28C75FE7BDA2}.Debug|Any CPU.Build.0 = Debug|Any CPU
		{FBC4D95C-FB0D-471D-A4F8-28C75FE7BDA2}.Release|Any CPU.ActiveCfg = Release|Any CPU
		{FBC4D95C-FB0D-471D-A4F8-28C75FE7BDA2}.Release|Any CPU.Build.0 = Release|Any CPU
	EndGlobalSection
EndGlobal
